
Microsoft Visual Studio Solution File, Format Version 12.00
Project("{FAE04EC0-301F-11D3-BF4B-00C04F79EFBC}") = "AndreyGames.Leaderboards.Service", "AndreyGames.Leaderboards.Service\AndreyGames.Leaderboards.Service.csproj", "{93D59229-B0A5-49AB-BEA5-1633B7FAFA81}"
EndProject
Project("{FAE04EC0-301F-11D3-BF4B-00C04F79EFBC}") = "AndreyGames.Leaderboards.API", "AndreyGames.Leaderboards.API\AndreyGames.Leaderboards.API.csproj", "{872A830A-B61B-415E-86E6-7B99AAC7825E}"
EndProject
Project("{FAE04EC0-301F-11D3-BF4B-00C04F79EFBC}") = "AndreyGames.Leaderboards.Tests", "AndreyGames.Leaderboards.Tests\AndreyGames.Leaderboards.Tests.csproj", "{2D8017AA-9A8C-4B9E-A237-434736F95C8E}"
EndProject
Global
	GlobalSection(SolutionConfigurationPlatforms) = preSolution
		Debug|Any CPU = Debug|Any CPU
		Release|Any CPU = Release|Any CPU
	EndGlobalSection
	GlobalSection(ProjectConfigurationPlatforms) = postSolution
		{93D59229-B0A5-49AB-BEA5-1633B7FAFA81}.Debug|Any CPU.ActiveCfg = Debug|Any CPU
		{93D59229-B0A5-49AB-BEA5-1633B7FAFA81}.Debug|Any CPU.Build.0 = Debug|Any CPU
		{93D59229-B0A5-49AB-BEA5-1633B7FAFA81}.Release|Any CPU.ActiveCfg = Release|Any CPU
		{93D59229-B0A5-49AB-BEA5-1633B7FAFA81}.Release|Any CPU.Build.0 = Release|Any CPU
		{872A830A-B61B-415E-86E6-7B99AAC7825E}.Debug|Any CPU.ActiveCfg = Debug|Any CPU
		{872A830A-B61B-415E-86E6-7B99AAC7825E}.Debug|Any CPU.Build.0 = Debug|Any CPU
		{872A830A-B61B-415E-86E6-7B99AAC7825E}.Release|Any CPU.ActiveCfg = Release|Any CPU
		{872A830A-B61B-415E-86E6-7B99AAC7825E}.Release|Any CPU.Build.0 = Release|Any CPU
		{2D8017AA-9A8C-4B9E-A237-434736F95C8E}.Debug|Any CPU.ActiveCfg = Debug|Any CPU
		{2D8017AA-9A8C-4B9E-A237-434736F95C8E}.Debug|Any CPU.Build.0 = Debug|Any CPU
		{2D8017AA-9A8C-4B9E-A237-434736F95C8E}.Release|Any CPU.ActiveCfg = Release|Any CPU
		{2D8017AA-9A8C-4B9E-A237-434736F95C8E}.Release|Any CPU.Build.0 = Release|Any CPU
	EndGlobalSection
EndGlobal
